
Microsoft Visual Studio Solution File, Format Version 12.00
# Visual Studio Version 16
VisualStudioVersion = 16.0.31613.86
MinimumVisualStudioVersion = 10.0.40219.1
Project("{FAE04EC0-301F-11D3-BF4B-00C04F79EFBC}") = "Data", "Data\Data.csproj", "{9AE8D44B-1279-4C93-BBE9-61252F2F97C3}"
EndProject
Project("{FAE04EC0-301F-11D3-BF4B-00C04F79EFBC}") = "WebAPI", "WebAPI\WebAPI.csproj", "{9F608AC2-EC1B-439D-B831-CB62A812A92C}"
EndProject
Global
	GlobalSection(SolutionConfigurationPlatforms) = preSolution
		Debug|Any CPU = Debug|Any CPU
		Release|Any CPU = Release|Any CPU
	EndGlobalSection
	GlobalSection(ProjectConfigurationPlatforms) = postSolution
		{9AE8D44B-1279-4C93-BBE9-61252F2F97C3}.Debug|Any CPU.ActiveCfg = Debug|Any CPU
		{9AE8D44B-1279-4C93-BBE9-61252F2F97C3}.Debug|Any CPU.Build.0 = Debug|Any CPU
		{9AE8D44B-1279-4C93-BBE9-61252F2F97C3}.Release|Any CPU.ActiveCfg = Release|Any CPU
		{9AE8D44B-1279-4C93-BBE9-61252F2F97C3}.Release|Any CPU.Build.0 = Release|Any CPU
		{9F608AC2-EC1B-439D-B831-CB62A812A92C}.Debug|Any CPU.ActiveCfg = Debug|Any CPU
		{9F608AC2-EC1B-439D-B831-CB62A812A92C}.Debug|Any CPU.Build.0 = Debug|Any CPU
		{9F608AC2-EC1B-439D-B831-CB62A812A92C}.Release|Any CPU.ActiveCfg = Release|Any CPU
		{9F608AC2-EC1B-439D-B831-CB62A812A92C}.Release|Any CPU.Build.0 = Release|Any CPU
	EndGlobalSection
	GlobalSection(SolutionProperties) = preSolution
		HideSolutionNode = FALSE
	EndGlobalSection
	GlobalSection(ExtensibilityGlobals) = postSolution
		SolutionGuid = {9561E1C2-F3A9-44BA-A1C5-B79135324444}
	EndGlobalSection
EndGlobal
